{
  "name": "@capacitor-community/background-geolocation",
  "version": "1.2.14",
  "lockfileVersion": 3,
  "requires": true,
  "packages": {
    "": {
      "name": "@capacitor-community/background-geolocation",
      "version": "1.2.14",
      "license": "MIT",
      "devDependencies": {
        "@capacitor/android": "^7.0.0",
        "@capacitor/core": "^7.0.0",
        "@capacitor/ios": "^7.0.0"
      },
      "peerDependencies": {
        "@capacitor/core": ">=7.0.0"
      }
    },
    "node_modules/@capacitor/android": {
      "version": "7.4.4",
      "resolved": "https://registry.npmjs.org/@capacitor/android/-/android-7.4.4.tgz",
      "integrity": "sha512-y8knfV1JXNrd6XZZLZireGT+EBCN0lvOo+HZ/s7L8LkrPBu4nY5UZn0Wxz4yOezItEII9rqYJSHsS5fMJG9gdw==",
      "dev": true,
      "license": "MIT",
      "peerDependencies": {
        "@capacitor/core": "^7.4.0"
      }
    },
    "node_modules/@capacitor/core": {
      "version": "7.4.4",
      "resolved": "https://registry.npmjs.org/@capacitor/core/-/core-7.4.4.tgz",
      "integrity": "sha512-xzjxpr+d2zwTpCaN0k+C6wKSZzWFAb9OVEUtmO72ihjr/NEDoLvsGl4WLfjWPcCO2zOy0b2X52tfRWjECFUjtw==",
      "dev": true,
      "license": "MIT",
      "dependencies": {
        "tslib": "^2.1.0"
      }
    },
    "node_modules/@capacitor/ios": {
      "version": "7.4.4",
      "resolved": "https://registry.npmjs.org/@capacitor/ios/-/ios-7.4.4.tgz",
      "integrity": "sha512-Xp3bGWlSQAwsZGngRMWTdoD2agdMV12Whnm+/xsYPxfQSj+Tksbr7r/8Mso7VWkpnTKO4iMlx762g3PjW+wi4w==",
      "dev": true,
      "license": "MIT",
      "peerDependencies": {
        "@capacitor/core": "^7.4.0"
      }
    },
    "node_modules/tslib": {
      "version": "2.8.1",
      "dev": true,
      "license": "0BSD"
    }
  }
}
